// !$*UTF8*$!
{
	archiveVersion = 1;
	classes = {
	};
	objectVersion = 46;
	objects = {

/* Begin PBXBuildFile section */
		4C9D00DA18CE7DC600DB77CC /* UIKit.framework in Frameworks */ = {isa = PBXBuildFile; fileRef = 4C9D00D918CE7DC600DB77CC /* UIKit.framework */; };
		4C9D00DC18CE7DC600DB77CC /* Foundation.framework in Frameworks */ = {isa = PBXBuildFile; fileRef = 4C9D00DB18CE7DC600DB77CC /* Foundation.framework */; };
		4C9D00DE18CE7DC600DB77CC /* CoreGraphics.framework in Frameworks */ = {isa = PBXBuildFile; fileRef = 4C9D00DD18CE7DC600DB77CC /* CoreGraphics.framework */; };
		4C9D00E418CE7DC600DB77CC /* InfoPlist.strings in Resources */ = {isa = PBXBuildFile; fileRef = 4C9D00E218CE7DC600DB77CC /* InfoPlist.strings */; };
		4C9D00E618CE7DC600DB77CC /* main.m in Sources */ = {isa = PBXBuildFile; fileRef = 4C9D00E518CE7DC600DB77CC /* main.m */; };
		4C9D00EA18CE7DC600DB77CC /* PPAppDelegate.m in Sources */ = {isa = PBXBuildFile; fileRef = 4C9D00E918CE7DC600DB77CC /* PPAppDelegate.m */; };
		4C9D011118CE8C6A00DB77CC /* checkAvail_Active.png in Resources */ = {isa = PBXBuildFile; fileRef = 4C9D00FB18CE8C6A00DB77CC /* checkAvail_Active.png */; };
		4C9D011218CE8C6A00DB77CC /* checkAvail_Active@2x.png in Resources */ = {isa = PBXBuildFile; fileRef = 4C9D00FC18CE8C6A00DB77CC /* checkAvail_Active@2x.png */; };
		4C9D011318CE8C6A00DB77CC /* checkAvail_nonActive.png in Resources */ = {isa = PBXBuildFile; fileRef = 4C9D00FD18CE8C6A00DB77CC /* checkAvail_nonActive.png */; };
		4C9D011418CE8C6A00DB77CC /* checkAvail_nonActive@2x.png in Resources */ = {isa = PBXBuildFile; fileRef = 4C9D00FE18CE8C6A00DB77CC /* checkAvail_nonActive@2x.png */; };
		4C9D011518CE8C6A00DB77CC /* firstRunBG-568h@2x.png in Resources */ = {isa = PBXBuildFile; fileRef = 4C9D00FF18CE8C6A00DB77CC /* firstRunBG-568h@2x.png */; };
		4C9D011618CE8C6A00DB77CC /* firstRunBG.png in Resources */ = {isa = PBXBuildFile; fileRef = 4C9D010018CE8C6A00DB77CC /* firstRunBG.png */; };
		4C9D011718CE8C6A00DB77CC /* firstRunBG@2x.png in Resources */ = {isa = PBXBuildFile; fileRef = 4C9D010118CE8C6A00DB77CC /* firstRunBG@2x.png */; };
		4C9D011818CE8C6A00DB77CC /* mainBG-568h@2x.png in Resources */ = {isa = PBXBuildFile; fileRef = 4C9D010218CE8C6A00DB77CC /* mainBG-568h@2x.png */; };
		4C9D011918CE8C6A00DB77CC /* mainBG.png in Resources */ = {isa = PBXBuildFile; fileRef = 4C9D010318CE8C6A00DB77CC /* mainBG.png */; };
		4C9D011A18CE8C6A00DB77CC /* mainBG@2x.png in Resources */ = {isa = PBXBuildFile; fileRef = 4C9D010418CE8C6A00DB77CC /* mainBG@2x.png */; };
		4C9D011B18CE8C6A00DB77CC /* mainButton_Active.png in Resources */ = {isa = PBXBuildFile; fileRef = 4C9D010518CE8C6A00DB77CC /* mainButton_Active.png */; };
		4C9D011C18CE8C6A00DB77CC /* mainButton_Active@2x.png in Resources */ = {isa = PBXBuildFile; fileRef = 4C9D010618CE8C6A00DB77CC /* mainButton_Active@2x.png */; };
		4C9D011D18CE8C6A00DB77CC /* mainButton_nonActive.png in Resources */ = {isa = PBXBuildFile; fileRef = 4C9D010718CE8C6A00DB77CC /* mainButton_nonActive.png */; };
		4C9D011E18CE8C6A00DB77CC /* mainButton_nonActive@2x.png in Resources */ = {isa = PBXBuildFile; fileRef = 4C9D010818CE8C6A00DB77CC /* mainButton_nonActive@2x.png */; };
		4C9D011F18CE8C6A00DB77CC /* pointerButton_Active.png in Resources */ = {isa = PBXBuildFile; fileRef = 4C9D010918CE8C6A00DB77CC /* pointerButton_Active.png */; };
		4C9D012018CE8C6A00DB77CC /* pointerButton_Active@2x.png in Resources */ = {isa = PBXBuildFile; fileRef = 4C9D010A18CE8C6A00DB77CC /* pointerButton_Active@2x.png */; };
		4C9D012118CE8C6A00DB77CC /* pointerButton_nonActive.png in Resources */ = {isa = PBXBuildFile; fileRef = 4C9D010B18CE8C6A00DB77CC /* pointerButton_nonActive.png */; };
		4C9D012218CE8C6A00DB77CC /* pointerButton_nonActive@2x.png in Resources */ = {isa = PBXBuildFile; fileRef = 4C9D010C18CE8C6A00DB77CC /* pointerButton_nonActive@2x.png */; };
		4C9D012318CE8C6A00DB77CC /* settings_Active.png in Resources */ = {isa = PBXBuildFile; fileRef = 4C9D010D18CE8C6A00DB77CC /* settings_Active.png */; };
		4C9D012418CE8C6A00DB77CC /* settings_Active@2x.png in Resources */ = {isa = PBXBuildFile; fileRef = 4C9D010E18CE8C6A00DB77CC /* settings_Active@2x.png */; };
		4C9D012518CE8C6A00DB77CC /* settings_nonActive.png in Resources */ = {isa = PBXBuildFile; fileRef = 4C9D010F18CE8C6A00DB77CC /* settings_nonActive.png */; };
		4C9D012618CE8C6A00DB77CC /* settings_nonActive@2x.png in Resources */ = {isa = PBXBuildFile; fileRef = 4C9D011018CE8C6A00DB77CC /* settings_nonActive@2x.png */; };
		4C9D012F18CE933A00DB77CC /* PPMainViewController.m in Sources */ = {isa = PBXBuildFile; fileRef = 4C9D012C18CE933A00DB77CC /* PPMainViewController.m */; };
		4C9D013018CE933A00DB77CC /* PPRegisterViewController.m in Sources */ = {isa = PBXBuildFile; fileRef = 4C9D012E18CE933A00DB77CC /* PPRegisterViewController.m */; };
		4C9D013518CEA3F600DB77CC /* PPUserVO.m in Sources */ = {isa = PBXBuildFile; fileRef = 4C9D013418CEA3F600DB77CC /* PPUserVO.m */; };
		4C9D013D18CEB0FF00DB77CC /* AppIcons.xcassets in Resources */ = {isa = PBXBuildFile; fileRef = 4C9D013C18CEB0FF00DB77CC /* AppIcons.xcassets */; };
		4C9D013F18CEB1EF00DB77CC /* LaunchImages.xcassets in Resources */ = {isa = PBXBuildFile; fileRef = 4C9D013E18CEB1EF00DB77CC /* LaunchImages.xcassets */; };
		4C9D014118CEB95300DB77CC /* MapKit.framework in Frameworks */ = {isa = PBXBuildFile; fileRef = 4C9D014018CEB95300DB77CC /* MapKit.framework */; };
		4C9D014318CEB97800DB77CC /* CoreLocation.framework in Frameworks */ = {isa = PBXBuildFile; fileRef = 4C9D014218CEB97800DB77CC /* CoreLocation.framework */; };
		4C9D014B18CEBE5C00DB77CC /* PPMapViewController.m in Sources */ = {isa = PBXBuildFile; fileRef = 4C9D014A18CEBE5C00DB77CC /* PPMapViewController.m */; };
		4C9D014E18CEDCF700DB77CC /* PPUserAnnotation.m in Sources */ = {isa = PBXBuildFile; fileRef = 4C9D014D18CEDCF700DB77CC /* PPUserAnnotation.m */; };
/* End PBXBuildFile section */

/* Begin PBXFileReference section */
		4C9D00D618CE7DC600DB77CC /* Propain.app */ = {isa = PBXFileReference; explicitFileType = wrapper.application; includeInIndex = 0; path = Propain.app; sourceTree = BUILT_PRODUCTS_DIR; };
		4C9D00D918CE7DC600DB77CC /* UIKit.framework */ = {isa = PBXFileReference; lastKnownFileType = wrapper.framework; name = UIKit.framework; path = System/Library/Frameworks/UIKit.framework; sourceTree = SDKROOT; };
		4C9D00DB18CE7DC600DB77CC /* Foundation.framework */ = {isa = PBXFileReference; lastKnownFileType = wrapper.framework; name = Foundation.framework; path = System/Library/Frameworks/Foundation.framework; sourceTree = SDKROOT; };
		4C9D00DD18CE7DC600DB77CC /* CoreGraphics.framework */ = {isa = PBXFileReference; lastKnownFileType = wrapper.framework; name = CoreGraphics.framework; path = System/Library/Frameworks/CoreGraphics.framework; sourceTree = SDKROOT; };
		4C9D00E118CE7DC600DB77CC /* Propain-Info.plist */ = {isa = PBXFileReference; lastKnownFileType = text.plist.xml; path = "Propain-Info.plist"; sourceTree = "<group>"; };
		4C9D00E318CE7DC600DB77CC /* en */ = {isa = PBXFileReference; lastKnownFileType = text.plist.strings; name = en; path = en.lproj/InfoPlist.strings; sourceTree = "<group>"; };
		4C9D00E518CE7DC600DB77CC /* main.m */ = {isa = PBXFileReference; lastKnownFileType = sourcecode.c.objc; path = main.m; sourceTree = "<group>"; };
		4C9D00E718CE7DC600DB77CC /* Propain-Prefix.pch */ = {isa = PBXFileReference; lastKnownFileType = sourcecode.c.h; path = "Propain-Prefix.pch"; sourceTree = "<group>"; };
		4C9D00E818CE7DC600DB77CC /* PPAppDelegate.h */ = {isa = PBXFileReference; lastKnownFileType = sourcecode.c.h; path = PPAppDelegate.h; sourceTree = "<group>"; };
		4C9D00E918CE7DC600DB77CC /* PPAppDelegate.m */ = {isa = PBXFileReference; lastKnownFileType = sourcecode.c.objc; path = PPAppDelegate.m; sourceTree = "<group>"; };
		4C9D00FB18CE8C6A00DB77CC /* checkAvail_Active.png */ = {isa = PBXFileReference; lastKnownFileType = image.png; path = checkAvail_Active.png; sourceTree = "<group>"; };
		4C9D00FC18CE8C6A00DB77CC /* checkAvail_Active@2x.png */ = {isa = PBXFileReference; lastKnownFileType = image.png; path = "checkAvail_Active@2x.png"; sourceTree = "<group>"; };
		4C9D00FD18CE8C6A00DB77CC /* checkAvail_nonActive.png */ = {isa = PBXFileReference; lastKnownFileType = image.png; path = checkAvail_nonActive.png; sourceTree = "<group>"; };
		4C9D00FE18CE8C6A00DB77CC /* checkAvail_nonActive@2x.png */ = {isa = PBXFileReference; lastKnownFileType = image.png; path = "checkAvail_nonActive@2x.png"; sourceTree = "<group>"; };
		4C9D00FF18CE8C6A00DB77CC /* firstRunBG-568h@2x.png */ = {isa = PBXFileReference; lastKnownFileType = image.png; path = "firstRunBG-568h@2x.png"; sourceTree = "<group>"; };
		4C9D010018CE8C6A00DB77CC /* firstRunBG.png */ = {isa = PBXFileReference; lastKnownFileType = image.png; path = firstRunBG.png; sourceTree = "<group>"; };
		4C9D010118CE8C6A00DB77CC /* firstRunBG@2x.png */ = {isa = PBXFileReference; lastKnownFileType = image.png; path = "firstRunBG@2x.png"; sourceTree = "<group>"; };
		4C9D010218CE8C6A00DB77CC /* mainBG-568h@2x.png */ = {isa = PBXFileReference; lastKnownFileType = image.png; path = "mainBG-568h@2x.png"; sourceTree = "<group>"; };
		4C9D010318CE8C6A00DB77CC /* mainBG.png */ = {isa = PBXFileReference; lastKnownFileType = image.png; path = mainBG.png; sourceTree = "<group>"; };
		4C9D010418CE8C6A00DB77CC /* mainBG@2x.png */ = {isa = PBXFileReference; lastKnownFileType = image.png; path = "mainBG@2x.png"; sourceTree = "<group>"; };
		4C9D010518CE8C6A00DB77CC /* mainButton_Active.png */ = {isa = PBXFileReference; lastKnownFileType = image.png; path = mainButton_Active.png; sourceTree = "<group>"; };
		4C9D010618CE8C6A00DB77CC /* mainButton_Active@2x.png */ = {isa = PBXFileReference; lastKnownFileType = image.png; path = "mainButton_Active@2x.png"; sourceTree = "<group>"; };
		4C9D010718CE8C6A00DB77CC /* mainButton_nonActive.png */ = {isa = PBXFileReference; lastKnownFileType = image.png; path = mainButton_nonActive.png; sourceTree = "<group>"; };
		4C9D010818CE8C6A00DB77CC /* mainButton_nonActive@2x.png */ = {isa = PBXFileReference; lastKnownFileType = image.png; path = "mainButton_nonActive@2x.png"; sourceTree = "<group>"; };
		4C9D010918CE8C6A00DB77CC /* pointerButton_Active.png */ = {isa = PBXFileReference; lastKnownFileType = image.png; path = pointerButton_Active.png; sourceTree = "<group>"; };
		4C9D010A18CE8C6A00DB77CC /* pointerButton_Active@2x.png */ = {isa = PBXFileReference; lastKnownFileType = image.png; path = "pointerButton_Active@2x.png"; sourceTree = "<group>"; };
		4C9D010B18CE8C6A00DB77CC /* pointerButton_nonActive.png */ = {isa = PBXFileReference; lastKnownFileType = image.png; path = pointerButton_nonActive.png; sourceTree = "<group>"; };
		4C9D010C18CE8C6A00DB77CC /* pointerButton_nonActive@2x.png */ = {isa = PBXFileReference; lastKnownFileType = image.png; path = "pointerButton_nonActive@2x.png"; sourceTree = "<group>"; };
		4C9D010D18CE8C6A00DB77CC /* settings_Active.png */ = {isa = PBXFileReference; lastKnownFileType = image.png; path = settings_Active.png; sourceTree = "<group>"; };
		4C9D010E18CE8C6A00DB77CC /* settings_Active@2x.png */ = {isa = PBXFileReference; lastKnownFileType = image.png; path = "settings_Active@2x.png"; sourceTree = "<group>"; };
		4C9D010F18CE8C6A00DB77CC /* settings_nonActive.png */ = {isa = PBXFileReference; lastKnownFileType = image.png; path = settings_nonActive.png; sourceTree = "<group>"; };
		4C9D011018CE8C6A00DB77CC /* settings_nonActive@2x.png */ = {isa = PBXFileReference; lastKnownFileType = image.png; path = "settings_nonActive@2x.png"; sourceTree = "<group>"; };
		4C9D012B18CE933A00DB77CC /* PPMainViewController.h */ = {isa = PBXFileReference; fileEncoding = 4; lastKnownFileType = sourcecode.c.h; path = PPMainViewController.h; sourceTree = "<group>"; };
		4C9D012C18CE933A00DB77CC /* PPMainViewController.m */ = {isa = PBXFileReference; fileEncoding = 4; lastKnownFileType = sourcecode.c.objc; path = PPMainViewController.m; sourceTree = "<group>"; };
		4C9D012D18CE933A00DB77CC /* PPRegisterViewController.h */ = {isa = PBXFileReference; fileEncoding = 4; lastKnownFileType = sourcecode.c.h; path = PPRegisterViewController.h; sourceTree = "<group>"; };
		4C9D012E18CE933A00DB77CC /* PPRegisterViewController.m */ = {isa = PBXFileReference; fileEncoding = 4; lastKnownFileType = sourcecode.c.objc; path = PPRegisterViewController.m; sourceTree = "<group>"; };
		4C9D013318CEA3F600DB77CC /* PPUserVO.h */ = {isa = PBXFileReference; fileEncoding = 4; lastKnownFileType = sourcecode.c.h; path = PPUserVO.h; sourceTree = "<group>"; };
		4C9D013418CEA3F600DB77CC /* PPUserVO.m */ = {isa = PBXFileReference; fileEncoding = 4; lastKnownFileType = sourcecode.c.objc; path = PPUserVO.m; sourceTree = "<group>"; };
		4C9D013C18CEB0FF00DB77CC /* AppIcons.xcassets */ = {isa = PBXFileReference; lastKnownFileType = folder.assetcatalog; path = AppIcons.xcassets; sourceTree = "<group>"; };
		4C9D013E18CEB1EF00DB77CC /* LaunchImages.xcassets */ = {isa = PBXFileReference; lastKnownFileType = folder.assetcatalog; path = LaunchImages.xcassets; sourceTree = "<group>"; };
		4C9D014018CEB95300DB77CC /* MapKit.framework */ = {isa = PBXFileReference; lastKnownFileType = wrapper.framework; name = MapKit.framework; path = System/Library/Frameworks/MapKit.framework; sourceTree = SDKROOT; };
		4C9D014218CEB97800DB77CC /* CoreLocation.framework */ = {isa = PBXFileReference; lastKnownFileType = wrapper.framework; name = CoreLocation.framework; path = System/Library/Frameworks/CoreLocation.framework; sourceTree = SDKROOT; };
		4C9D014918CEBE5C00DB77CC /* PPMapViewController.h */ = {isa = PBXFileReference; fileEncoding = 4; lastKnownFileType = sourcecode.c.h; path = PPMapViewController.h; sourceTree = "<group>"; };
		4C9D014A18CEBE5C00DB77CC /* PPMapViewController.m */ = {isa = PBXFileReference; fileEncoding = 4; lastKnownFileType = sourcecode.c.objc; path = PPMapViewController.m; sourceTree = "<group>"; };
		4C9D014C18CEDCF700DB77CC /* PPUserAnnotation.h */ = {isa = PBXFileReference; fileEncoding = 4; lastKnownFileType = sourcecode.c.h; path = PPUserAnnotation.h; sourceTree = "<group>"; };
		4C9D014D18CEDCF700DB77CC /* PPUserAnnotation.m */ = {isa = PBXFileReference; fileEncoding = 4; lastKnownFileType = sourcecode.c.objc; path = PPUserAnnotation.m; sourceTree = "<group>"; };
/* End PBXFileReference section */

/* Begin PBXFrameworksBuildPhase section */
		4C9D00D318CE7DC600DB77CC /* Frameworks */ = {
			isa = PBXFrameworksBuildPhase;
			buildActionMask = 2147483647;
			files = (
				4C9D00DE18CE7DC600DB77CC /* CoreGraphics.framework in Frameworks */,
				4C9D014318CEB97800DB77CC /* CoreLocation.framework in Frameworks */,
				4C9D00DA18CE7DC600DB77CC /* UIKit.framework in Frameworks */,
				4C9D00DC18CE7DC600DB77CC /* Foundation.framework in Frameworks */,
				4C9D014118CEB95300DB77CC /* MapKit.framework in Frameworks */,
			);
			runOnlyForDeploymentPostprocessing = 0;
		};
/* End PBXFrameworksBuildPhase section */

/* Begin PBXGroup section */
		4C9D00CD18CE7DC600DB77CC = {
			isa = PBXGroup;
			children = (
				4C9D00DF18CE7DC600DB77CC /* Propain */,
				4C9D00D818CE7DC600DB77CC /* Frameworks */,
				4C9D00D718CE7DC600DB77CC /* Products */,
			);
			sourceTree = "<group>";
		};
		4C9D00D718CE7DC600DB77CC /* Products */ = {
			isa = PBXGroup;
			children = (
				4C9D00D618CE7DC600DB77CC /* Propain.app */,
			);
			name = Products;
			sourceTree = "<group>";
		};
		4C9D00D818CE7DC600DB77CC /* Frameworks */ = {
			isa = PBXGroup;
			children = (
				4C9D014218CEB97800DB77CC /* CoreLocation.framework */,
				4C9D014018CEB95300DB77CC /* MapKit.framework */,
				4C9D00D918CE7DC600DB77CC /* UIKit.framework */,
				4C9D00DB18CE7DC600DB77CC /* Foundation.framework */,
				4C9D00DD18CE7DC600DB77CC /* CoreGraphics.framework */,
			);
			name = Frameworks;
			sourceTree = "<group>";
		};
		4C9D00DF18CE7DC600DB77CC /* Propain */ = {
			isa = PBXGroup;
			children = (
				4C9D00E818CE7DC600DB77CC /* PPAppDelegate.h */,
				4C9D00E918CE7DC600DB77CC /* PPAppDelegate.m */,
				4C9D012A18CE933A00DB77CC /* Classes */,
				4C9D00FA18CE8C6A00DB77CC /* Resources */,
				4C9D00E018CE7DC600DB77CC /* Supporting Files */,
			);
			path = Propain;
			sourceTree = "<group>";
		};
		4C9D00E018CE7DC600DB77CC /* Supporting Files */ = {
			isa = PBXGroup;
			children = (
				4C9D00E118CE7DC600DB77CC /* Propain-Info.plist */,
				4C9D00E218CE7DC600DB77CC /* InfoPlist.strings */,
				4C9D00E518CE7DC600DB77CC /* main.m */,
				4C9D00E718CE7DC600DB77CC /* Propain-Prefix.pch */,
			);
			name = "Supporting Files";
			sourceTree = "<group>";
		};
		4C9D00FA18CE8C6A00DB77CC /* Resources */ = {
			isa = PBXGroup;
			children = (
				4C9D013918CEB0C200DB77CC /* Asset Catalogs */,
				4C9D013818CEB09100DB77CC /* Backgrounds */,
				4C9D013618CEB07C00DB77CC /* Buttons */,
			);
			path = Resources;
			sourceTree = "<group>";
		};
		4C9D012A18CE933A00DB77CC /* Classes */ = {
			isa = PBXGroup;
			children = (
				4C9D014518CEBA2D00DB77CC /* Splash */,
				4C9D014418CEBA1D00DB77CC /* Main */,
				4C9D013218CEA3E400DB77CC /* VO */,
			);
			path = Classes;
			sourceTree = "<group>";
		};
		4C9D013218CEA3E400DB77CC /* VO */ = {
			isa = PBXGroup;
			children = (
				4C9D013318CEA3F600DB77CC /* PPUserVO.h */,
				4C9D013418CEA3F600DB77CC /* PPUserVO.m */,
			);
			name = VO;
			sourceTree = "<group>";
		};
		4C9D013618CEB07C00DB77CC /* Buttons */ = {
			isa = PBXGroup;
			children = (
				4C9D013718CEB08A00DB77CC /* Nav */,
				4C9D00FB18CE8C6A00DB77CC /* checkAvail_Active.png */,
				4C9D00FC18CE8C6A00DB77CC /* checkAvail_Active@2x.png */,
				4C9D00FD18CE8C6A00DB77CC /* checkAvail_nonActive.png */,
				4C9D00FE18CE8C6A00DB77CC /* checkAvail_nonActive@2x.png */,
				4C9D010518CE8C6A00DB77CC /* mainButton_Active.png */,
				4C9D010618CE8C6A00DB77CC /* mainButton_Active@2x.png */,
				4C9D010718CE8C6A00DB77CC /* mainButton_nonActive.png */,
				4C9D010818CE8C6A00DB77CC /* mainButton_nonActive@2x.png */,
			);
			name = Buttons;
			sourceTree = "<group>";
		};
		4C9D013718CEB08A00DB77CC /* Nav */ = {
			isa = PBXGroup;
			children = (
				4C9D010918CE8C6A00DB77CC /* pointerButton_Active.png */,
				4C9D010A18CE8C6A00DB77CC /* pointerButton_Active@2x.png */,
				4C9D010B18CE8C6A00DB77CC /* pointerButton_nonActive.png */,
				4C9D010C18CE8C6A00DB77CC /* pointerButton_nonActive@2x.png */,
				4C9D010D18CE8C6A00DB77CC /* settings_Active.png */,
				4C9D010E18CE8C6A00DB77CC /* settings_Active@2x.png */,
				4C9D010F18CE8C6A00DB77CC /* settings_nonActive.png */,
				4C9D011018CE8C6A00DB77CC /* settings_nonActive@2x.png */,
			);
			name = Nav;
			sourceTree = "<group>";
		};
		4C9D013818CEB09100DB77CC /* Backgrounds */ = {
			isa = PBXGroup;
			children = (
				4C9D00FF18CE8C6A00DB77CC /* firstRunBG-568h@2x.png */,
				4C9D010018CE8C6A00DB77CC /* firstRunBG.png */,
				4C9D010118CE8C6A00DB77CC /* firstRunBG@2x.png */,
				4C9D010218CE8C6A00DB77CC /* mainBG-568h@2x.png */,
				4C9D010318CE8C6A00DB77CC /* mainBG.png */,
				4C9D010418CE8C6A00DB77CC /* mainBG@2x.png */,
			);
			name = Backgrounds;
			sourceTree = "<group>";
		};
		4C9D013918CEB0C200DB77CC /* Asset Catalogs */ = {
			isa = PBXGroup;
			children = (
				4C9D013C18CEB0FF00DB77CC /* AppIcons.xcassets */,
				4C9D013E18CEB1EF00DB77CC /* LaunchImages.xcassets */,
			);
			name = "Asset Catalogs";
			sourceTree = "<group>";
		};
		4C9D014418CEBA1D00DB77CC /* Main */ = {
			isa = PBXGroup;
			children = (
				4C9D012B18CE933A00DB77CC /* PPMainViewController.h */,
				4C9D012C18CE933A00DB77CC /* PPMainViewController.m */,
				4C9D014918CEBE5C00DB77CC /* PPMapViewController.h */,
				4C9D014A18CEBE5C00DB77CC /* PPMapViewController.m */,
				4C9D014C18CEDCF700DB77CC /* PPUserAnnotation.h */,
				4C9D014D18CEDCF700DB77CC /* PPUserAnnotation.m */,
			);
			name = Main;
			sourceTree = "<group>";
		};
		4C9D014518CEBA2D00DB77CC /* Splash */ = {
			isa = PBXGroup;
			children = (
				4C9D012D18CE933A00DB77CC /* PPRegisterViewController.h */,
				4C9D012E18CE933A00DB77CC /* PPRegisterViewController.m */,
			);
			name = Splash;
			sourceTree = "<group>";
		};
/* End PBXGroup section */

/* Begin PBXNativeTarget section */
		4C9D00D518CE7DC600DB77CC /* Propain */ = {
			isa = PBXNativeTarget;
			buildConfigurationList = 4C9D00F318CE7DC600DB77CC /* Build configuration list for PBXNativeTarget "Propain" */;
			buildPhases = (
				4C9D00D218CE7DC600DB77CC /* Sources */,
				4C9D00D318CE7DC600DB77CC /* Frameworks */,
				4C9D00D418CE7DC600DB77CC /* Resources */,
			);
			buildRules = (
			);
			dependencies = (
			);
			name = Propain;
			productName = Propain;
			productReference = 4C9D00D618CE7DC600DB77CC /* Propain.app */;
			productType = "com.apple.product-type.application";
		};
/* End PBXNativeTarget section */

/* Begin PBXProject section */
		4C9D00CE18CE7DC600DB77CC /* Project object */ = {
			isa = PBXProject;
			attributes = {
				CLASSPREFIX = PP;
				LastUpgradeCheck = 0500;
				ORGANIZATIONNAME = "Propain, LLC";
			};
			buildConfigurationList = 4C9D00D118CE7DC600DB77CC /* Build configuration list for PBXProject "Propain" */;
			compatibilityVersion = "Xcode 3.2";
			developmentRegion = English;
			hasScannedForEncodings = 0;
			knownRegions = (
				en,
			);
			mainGroup = 4C9D00CD18CE7DC600DB77CC;
			productRefGroup = 4C9D00D718CE7DC600DB77CC /* Products */;
			projectDirPath = "";
			projectRoot = "";
			targets = (
				4C9D00D518CE7DC600DB77CC /* Propain */,
			);
		};
/* End PBXProject section */

/* Begin PBXResourcesBuildPhase section */
		4C9D00D418CE7DC600DB77CC /* Resources */ = {
			isa = PBXResourcesBuildPhase;
			buildActionMask = 2147483647;
			files = (
				4C9D011C18CE8C6A00DB77CC /* mainButton_Active@2x.png in Resources */,
				4C9D013F18CEB1EF00DB77CC /* LaunchImages.xcassets in Resources */,
				4C9D012218CE8C6A00DB77CC /* pointerButton_nonActive@2x.png in Resources */,
				4C9D011818CE8C6A00DB77CC /* mainBG-568h@2x.png in Resources */,
				4C9D011418CE8C6A00DB77CC /* checkAvail_nonActive@2x.png in Resources */,
				4C9D011718CE8C6A00DB77CC /* firstRunBG@2x.png in Resources */,
				4C9D011B18CE8C6A00DB77CC /* mainButton_Active.png in Resources */,
				4C9D011118CE8C6A00DB77CC /* checkAvail_Active.png in Resources */,
				4C9D012618CE8C6A00DB77CC /* settings_nonActive@2x.png in Resources */,
				4C9D012018CE8C6A00DB77CC /* pointerButton_Active@2x.png in Resources */,
				4C9D011318CE8C6A00DB77CC /* checkAvail_nonActive.png in Resources */,
				4C9D013D18CEB0FF00DB77CC /* AppIcons.xcassets in Resources */,
				4C9D012118CE8C6A00DB77CC /* pointerButton_nonActive.png in Resources */,
				4C9D011518CE8C6A00DB77CC /* firstRunBG-568h@2x.png in Resources */,
				4C9D011218CE8C6A00DB77CC /* checkAvail_Active@2x.png in Resources */,
				4C9D012318CE8C6A00DB77CC /* settings_Active.png in Resources */,
				4C9D00E418CE7DC600DB77CC /* InfoPlist.strings in Resources */,
				4C9D011D18CE8C6A00DB77CC /* mainButton_nonActive.png in Resources */,
				4C9D011A18CE8C6A00DB77CC /* mainBG@2x.png in Resources */,
				4C9D011E18CE8C6A00DB77CC /* mainButton_nonActive@2x.png in Resources */,
				4C9D011918CE8C6A00DB77CC /* mainBG.png in Resources */,
				4C9D011F18CE8C6A00DB77CC /* pointerButton_Active.png in Resources */,
				4C9D012518CE8C6A00DB77CC /* settings_nonActive.png in Resources */,
				4C9D011618CE8C6A00DB77CC /* firstRunBG.png in Resources */,
				4C9D012418CE8C6A00DB77CC /* settings_Active@2x.png in Resources */,
			);
			runOnlyForDeploymentPostprocessing = 0;
		};
/* End PBXResourcesBuildPhase section */

/* Begin PBXSourcesBuildPhase section */
		4C9D00D218CE7DC600DB77CC /* Sources */ = {
			isa = PBXSourcesBuildPhase;
			buildActionMask = 2147483647;
			files = (
				4C9D014E18CEDCF700DB77CC /* PPUserAnnotation.m in Sources */,
				4C9D012F18CE933A00DB77CC /* PPMainViewController.m in Sources */,
				4C9D014B18CEBE5C00DB77CC /* PPMapViewController.m in Sources */,
				4C9D00EA18CE7DC600DB77CC /* PPAppDelegate.m in Sources */,
				4C9D00E618CE7DC600DB77CC /* main.m in Sources */,
				4C9D013518CEA3F600DB77CC /* PPUserVO.m in Sources */,
				4C9D013018CE933A00DB77CC /* PPRegisterViewController.m in Sources */,
			);
			runOnlyForDeploymentPostprocessing = 0;
		};
/* End PBXSourcesBuildPhase section */

/* Begin PBXVariantGroup section */
		4C9D00E218CE7DC600DB77CC /* InfoPlist.strings */ = {
			isa = PBXVariantGroup;
			children = (
				4C9D00E318CE7DC600DB77CC /* en */,
			);
			name = InfoPlist.strings;
			sourceTree = "<group>";
		};
/* End PBXVariantGroup section */

/* Begin XCBuildConfiguration section */
		4C9D00F118CE7DC600DB77CC /* Debug */ = {
			isa = XCBuildConfiguration;
			buildSettings = {
				ALWAYS_SEARCH_USER_PATHS = NO;
				CLANG_CXX_LANGUAGE_STANDARD = "gnu++0x";
				CLANG_CXX_LIBRARY = "libc++";
				CLANG_ENABLE_OBJC_ARC = YES;
				CLANG_WARN_BOOL_CONVERSION = YES;
				CLANG_WARN_CONSTANT_CONVERSION = YES;
				CLANG_WARN_DIRECT_OBJC_ISA_USAGE = YES_ERROR;
				CLANG_WARN_EMPTY_BODY = YES;
				CLANG_WARN_ENUM_CONVERSION = YES;
				CLANG_WARN_INT_CONVERSION = YES;
				CLANG_WARN_OBJC_ROOT_CLASS = YES_ERROR;
				CLANG_WARN__DUPLICATE_METHOD_MATCH = YES;
				"CODE_SIGN_IDENTITY[sdk=iphoneos*]" = "iPhone Developer";
				COPY_PHASE_STRIP = NO;
				GCC_C_LANGUAGE_STANDARD = gnu99;
				GCC_DYNAMIC_NO_PIC = NO;
				GCC_OPTIMIZATION_LEVEL = 0;
				GCC_PREPROCESSOR_DEFINITIONS = (
					"DEBUG=1",
					"PROPAIN_VIEW_LOG=0",
					"PROPAIN_JSON_LOG=1",
					"$(inherited)",
				);
				GCC_SYMBOLS_PRIVATE_EXTERN = NO;
				GCC_WARN_64_TO_32_BIT_CONVERSION = YES;
				GCC_WARN_ABOUT_RETURN_TYPE = YES_ERROR;
				GCC_WARN_UNDECLARED_SELECTOR = YES;
				GCC_WARN_UNINITIALIZED_AUTOS = YES;
				GCC_WARN_UNUSED_FUNCTION = YES;
				GCC_WARN_UNUSED_VARIABLE = YES;
				IPHONEOS_DEPLOYMENT_TARGET = 7.0;
				ONLY_ACTIVE_ARCH = YES;
				SDKROOT = iphoneos;
			};
			name = Debug;
		};
		4C9D00F218CE7DC600DB77CC /* Release */ = {
			isa = XCBuildConfiguration;
			buildSettings = {
				ALWAYS_SEARCH_USER_PATHS = NO;
				CLANG_CXX_LANGUAGE_STANDARD = "gnu++0x";
				CLANG_CXX_LIBRARY = "libc++";
				CLANG_ENABLE_OBJC_ARC = YES;
				CLANG_WARN_BOOL_CONVERSION = YES;
				CLANG_WARN_CONSTANT_CONVERSION = YES;
				CLANG_WARN_DIRECT_OBJC_ISA_USAGE = YES_ERROR;
				CLANG_WARN_EMPTY_BODY = YES;
				CLANG_WARN_ENUM_CONVERSION = YES;
				CLANG_WARN_INT_CONVERSION = YES;
				CLANG_WARN_OBJC_ROOT_CLASS = YES_ERROR;
				CLANG_WARN__DUPLICATE_METHOD_MATCH = YES;
				"CODE_SIGN_IDENTITY[sdk=iphoneos*]" = "iPhone Developer";
				COPY_PHASE_STRIP = YES;
				ENABLE_NS_ASSERTIONS = NO;
				GCC_C_LANGUAGE_STANDARD = gnu99;
				GCC_WARN_64_TO_32_BIT_CONVERSION = YES;
				GCC_WARN_ABOUT_RETURN_TYPE = YES_ERROR;
				GCC_WARN_UNDECLARED_SELECTOR = YES;
				GCC_WARN_UNINITIALIZED_AUTOS = YES;
				GCC_WARN_UNUSED_FUNCTION = YES;
				GCC_WARN_UNUSED_VARIABLE = YES;
				IPHONEOS_DEPLOYMENT_TARGET = 7.0;
				OTHER_CFLAGS = "-DNS_BLOCK_ASSERTIONS=1";
				SDKROOT = iphoneos;
				VALIDATE_PRODUCT = YES;
			};
			name = Release;
		};
		4C9D00F418CE7DC600DB77CC /* Debug */ = {
			isa = XCBuildConfiguration;
			buildSettings = {
				ASSETCATALOG_COMPILER_APPICON_NAME = AppIcon;
				ASSETCATALOG_COMPILER_LAUNCHIMAGE_NAME = LaunchImage;
				GCC_PRECOMPILE_PREFIX_HEADER = YES;
				GCC_PREFIX_HEADER = "Propain/Propain-Prefix.pch";
				INFOPLIST_FILE = "Propain/Propain-Info.plist";
				PRODUCT_NAME = "$(TARGET_NAME)";
				WRAPPER_EXTENSION = app;
			};
			name = Debug;
		};
		4C9D00F518CE7DC600DB77CC /* Release */ = {
			isa = XCBuildConfiguration;
			buildSettings = {
				ASSETCATALOG_COMPILER_APPICON_NAME = AppIcon;
				ASSETCATALOG_COMPILER_LAUNCHIMAGE_NAME = LaunchImage;
				GCC_PRECOMPILE_PREFIX_HEADER = YES;
				GCC_PREFIX_HEADER = "Propain/Propain-Prefix.pch";
				INFOPLIST_FILE = "Propain/Propain-Info.plist";
				PRODUCT_NAME = "$(TARGET_NAME)";
				WRAPPER_EXTENSION = app;
			};
			name = Release;
		};
/* End XCBuildConfiguration section */

/* Begin XCConfigurationList section */
		4C9D00D118CE7DC600DB77CC /* Build configuration list for PBXProject "Propain" */ = {
			isa = XCConfigurationList;
			buildConfigurations = (
				4C9D00F118CE7DC600DB77CC /* Debug */,
				4C9D00F218CE7DC600DB77CC /* Release */,
			);
			defaultConfigurationIsVisible = 0;
			defaultConfigurationName = Release;
		};
		4C9D00F318CE7DC600DB77CC /* Build configuration list for PBXNativeTarget "Propain" */ = {
			isa = XCConfigurationList;
			buildConfigurations = (
				4C9D00F418CE7DC600DB77CC /* Debug */,
				4C9D00F518CE7DC600DB77CC /* Release */,
			);
			defaultConfigurationIsVisible = 0;
		};
/* End XCConfigurationList section */
	};
	rootObject = 4C9D00CE18CE7DC600DB77CC /* Project object */;
}
